{
  "name": "flappy-bird",
  "version": "1.0.0",
  "lockfileVersion": 3,
  "requires": true,
  "packages": {
    "": {
      "name": "flappy-bird",
      "version": "1.0.0",
      "license": "ISC",
      "dependencies": {
        "kanvasgl": "^1.0.1"
      },
      "devDependencies": {
        "typescript": "^5.5.2"
      }
    },
    "node_modules/kanvasgl": {
      "version": "1.0.1",
      "resolved": "https://registry.npmjs.org/kanvasgl/-/kanvasgl-1.0.1.tgz",
      "integrity": "sha512-5Tqv+lm5bvACu16DfY9WxzX19I9HGLeNbKZd7B6qg8aMUKh9hn/GX/K8wNTz5irFNhfFAGTQxVZ02lySGDMRxg==",
      "license": "ISC"
    },
    "node_modules/typescript": {
      "version": "5.5.2",
      "resolved": "https://registry.npmjs.org/typescript/-/typescript-5.5.2.tgz",
      "integrity": "sha512-NcRtPEOsPFFWjobJEtfihkLCZCXZt/os3zf8nTxjVH3RvTSxjrCamJpbExGvYOF+tFHc3pA65qpdwPbzjohhew==",
      "dev": true,
      "license": "Apache-2.0",
      "bin": {
        "tsc": "bin/tsc",
        "tsserver": "bin/tsserver"
      },
      "engines": {
        "node": ">=14.17"
      }
    }
  }
}
